// !$*UTF8*$!
{
	archiveVersion = 1;
	classes = {
	};
	objectVersion = 46;
	objects = {

/* Begin PBXBuildFile section */
		3E14C8841AFBB0790067C3AF /* main.m in Sources */ = {isa = PBXBuildFile; fileRef = 3E14C8831AFBB0790067C3AF /* main.m */; };
		3E14C8871AFBB0790067C3AF /* AppDelegate.m in Sources */ = {isa = PBXBuildFile; fileRef = 3E14C8861AFBB0790067C3AF /* AppDelegate.m */; };
		3E14C88D1AFBB0790067C3AF /* Main.storyboard in Resources */ = {isa = PBXBuildFile; fileRef = 3E14C88B1AFBB0790067C3AF /* Main.storyboard */; };
		3E14C88F1AFBB0790067C3AF /* Images.xcassets in Resources */ = {isa = PBXBuildFile; fileRef = 3E14C88E1AFBB0790067C3AF /* Images.xcassets */; };
		3E14C8921AFBB0790067C3AF /* LaunchScreen.xib in Resources */ = {isa = PBXBuildFile; fileRef = 3E14C8901AFBB0790067C3AF /* LaunchScreen.xib */; };
		3E14C89E1AFBB0790067C3AF /* VOVCManagerDemoTests.m in Sources */ = {isa = PBXBuildFile; fileRef = 3E14C89D1AFBB0790067C3AF /* VOVCManagerDemoTests.m */; };
		3E14C8AE1AFBB0C90067C3AF /* NSObject+Runtime.m in Sources */ = {isa = PBXBuildFile; fileRef = 3E14C8A91AFBB0C90067C3AF /* NSObject+Runtime.m */; };
		3E14C8AF1AFBB0C90067C3AF /* UIViewController+Record.m in Sources */ = {isa = PBXBuildFile; fileRef = 3E14C8AB1AFBB0C90067C3AF /* UIViewController+Record.m */; };
		3E14C8B01AFBB0C90067C3AF /* VOVCManager.m in Sources */ = {isa = PBXBuildFile; fileRef = 3E14C8AD1AFBB0C90067C3AF /* VOVCManager.m */; };
		3E14C8B31AFC754D0067C3AF /* VOFavoriteMainController.m in Sources */ = {isa = PBXBuildFile; fileRef = 3E14C8B21AFC754D0067C3AF /* VOFavoriteMainController.m */; };
		3E14C8B61AFC755D0067C3AF /* VOFavoriteDetailController.m in Sources */ = {isa = PBXBuildFile; fileRef = 3E14C8B51AFC755D0067C3AF /* VOFavoriteDetailController.m */; };
		3E14C8B91AFC756D0067C3AF /* VORecentsMainController.m in Sources */ = {isa = PBXBuildFile; fileRef = 3E14C8B81AFC756D0067C3AF /* VORecentsMainController.m */; };
		3E14C8BC1AFC757C0067C3AF /* VORecentsDetailController.m in Sources */ = {isa = PBXBuildFile; fileRef = 3E14C8BB1AFC757C0067C3AF /* VORecentsDetailController.m */; };
		3E14C8BF1AFC758A0067C3AF /* VOBookmarkMainController.m in Sources */ = {isa = PBXBuildFile; fileRef = 3E14C8BE1AFC758A0067C3AF /* VOBookmarkMainController.m */; };
		3E14C8C21AFC759B0067C3AF /* VOBookmarkDetailController.m in Sources */ = {isa = PBXBuildFile; fileRef = 3E14C8C11AFC759B0067C3AF /* VOBookmarkDetailController.m */; };
		3E14C8C51AFC75AA0067C3AF /* VOUserMainController.m in Sources */ = {isa = PBXBuildFile; fileRef = 3E14C8C41AFC75AA0067C3AF /* VOUserMainController.m */; };
		3E14C8C81AFC75B90067C3AF /* VOUserDetailController.m in Sources */ = {isa = PBXBuildFile; fileRef = 3E14C8C71AFC75B90067C3AF /* VOUserDetailController.m */; };
		3E22C8641B8576720081CE6E /* Second.storyboard in Resources */ = {isa = PBXBuildFile; fileRef = 3E22C8631B8576720081CE6E /* Second.storyboard */; };
		3E22C86B1B8576B60081CE6E /* VOXibViewController.m in Sources */ = {isa = PBXBuildFile; fileRef = 3E22C8691B8576B60081CE6E /* VOXibViewController.m */; };
		3E22C86C1B8576B60081CE6E /* VOXibViewController.xib in Resources */ = {isa = PBXBuildFile; fileRef = 3E22C86A1B8576B60081CE6E /* VOXibViewController.xib */; };
		3E22C86F1B85771C0081CE6E /* VOTableViewController.m in Sources */ = {isa = PBXBuildFile; fileRef = 3E22C86E1B85771C0081CE6E /* VOTableViewController.m */; };
/* End PBXBuildFile section */

/* Begin PBXContainerItemProxy section */
		3E14C8981AFBB0790067C3AF /* PBXContainerItemProxy */ = {
			isa = PBXContainerItemProxy;
			containerPortal = 3E14C8761AFBB0790067C3AF /* Project object */;
			proxyType = 1;
			remoteGlobalIDString = 3E14C87D1AFBB0790067C3AF;
			remoteInfo = VOVCManagerDemo;
		};
/* End PBXContainerItemProxy section */

/* Begin PBXFileReference section */
		3E14C87E1AFBB0790067C3AF /* VOVCManagerDemo.app */ = {isa = PBXFileReference; explicitFileType = wrapper.application; includeInIndex = 0; path = VOVCManagerDemo.app; sourceTree = BUILT_PRODUCTS_DIR; };
		3E14C8821AFBB0790067C3AF /* Info.plist */ = {isa = PBXFileReference; lastKnownFileType = text.plist.xml; path = Info.plist; sourceTree = "<group>"; };
		3E14C8831AFBB0790067C3AF /* main.m */ = {isa = PBXFileReference; lastKnownFileType = sourcecode.c.objc; path = main.m; sourceTree = "<group>"; };
		3E14C8851AFBB0790067C3AF /* AppDelegate.h */ = {isa = PBXFileReference; lastKnownFileType = sourcecode.c.h; path = AppDelegate.h; sourceTree = "<group>"; };
		3E14C8861AFBB0790067C3AF /* AppDelegate.m */ = {isa = PBXFileReference; lastKnownFileType = sourcecode.c.objc; path = AppDelegate.m; sourceTree = "<group>"; };
		3E14C88C1AFBB0790067C3AF /* Base */ = {isa = PBXFileReference; lastKnownFileType = file.storyboard; name = Base; path = Base.lproj/Main.storyboard; sourceTree = "<group>"; };
		3E14C88E1AFBB0790067C3AF /* Images.xcassets */ = {isa = PBXFileReference; lastKnownFileType = folder.assetcatalog; path = Images.xcassets; sourceTree = "<group>"; };
		3E14C8911AFBB0790067C3AF /* Base */ = {isa = PBXFileReference; lastKnownFileType = file.xib; name = Base; path = Base.lproj/LaunchScreen.xib; sourceTree = "<group>"; };
		3E14C8971AFBB0790067C3AF /* VOVCManagerDemoTests.xctest */ = {isa = PBXFileReference; explicitFileType = wrapper.cfbundle; includeInIndex = 0; path = VOVCManagerDemoTests.xctest; sourceTree = BUILT_PRODUCTS_DIR; };
		3E14C89C1AFBB0790067C3AF /* Info.plist */ = {isa = PBXFileReference; lastKnownFileType = text.plist.xml; path = Info.plist; sourceTree = "<group>"; };
		3E14C89D1AFBB0790067C3AF /* VOVCManagerDemoTests.m */ = {isa = PBXFileReference; lastKnownFileType = sourcecode.c.objc; path = VOVCManagerDemoTests.m; sourceTree = "<group>"; };
		3E14C8A81AFBB0C90067C3AF /* NSObject+Runtime.h */ = {isa = PBXFileReference; fileEncoding = 4; lastKnownFileType = sourcecode.c.h; path = "NSObject+Runtime.h"; sourceTree = "<group>"; };
		3E14C8A91AFBB0C90067C3AF /* NSObject+Runtime.m */ = {isa = PBXFileReference; fileEncoding = 4; lastKnownFileType = sourcecode.c.objc; path = "NSObject+Runtime.m"; sourceTree = "<group>"; };
		3E14C8AA1AFBB0C90067C3AF /* UIViewController+Record.h */ = {isa = PBXFileReference; fileEncoding = 4; lastKnownFileType = sourcecode.c.h; path = "UIViewController+Record.h"; sourceTree = "<group>"; };
		3E14C8AB1AFBB0C90067C3AF /* UIViewController+Record.m */ = {isa = PBXFileReference; fileEncoding = 4; lastKnownFileType = sourcecode.c.objc; path = "UIViewController+Record.m"; sourceTree = "<group>"; };
		3E14C8AC1AFBB0C90067C3AF /* VOVCManager.h */ = {isa = PBXFileReference; fileEncoding = 4; lastKnownFileType = sourcecode.c.h; path = VOVCManager.h; sourceTree = "<group>"; };
		3E14C8AD1AFBB0C90067C3AF /* VOVCManager.m */ = {isa = PBXFileReference; fileEncoding = 4; lastKnownFileType = sourcecode.c.objc; path = VOVCManager.m; sourceTree = "<group>"; };
		3E14C8B11AFC754D0067C3AF /* VOFavoriteMainController.h */ = {isa = PBXFileReference; fileEncoding = 4; lastKnownFileType = sourcecode.c.h; path = VOFavoriteMainController.h; sourceTree = "<group>"; };
		3E14C8B21AFC754D0067C3AF /* VOFavoriteMainController.m */ = {isa = PBXFileReference; fileEncoding = 4; lastKnownFileType = sourcecode.c.objc; path = VOFavoriteMainController.m; sourceTree = "<group>"; };
		3E14C8B41AFC755D0067C3AF /* VOFavoriteDetailController.h */ = {isa = PBXFileReference; fileEncoding = 4; lastKnownFileType = sourcecode.c.h; path = VOFavoriteDetailController.h; sourceTree = "<group>"; };
		3E14C8B51AFC755D0067C3AF /* VOFavoriteDetailController.m */ = {isa = PBXFileReference; fileEncoding = 4; lastKnownFileType = sourcecode.c.objc; path = VOFavoriteDetailController.m; sourceTree = "<group>"; };
		3E14C8B71AFC756D0067C3AF /* VORecentsMainController.h */ = {isa = PBXFileReference; fileEncoding = 4; lastKnownFileType = sourcecode.c.h; path = VORecentsMainController.h; sourceTree = "<group>"; };
		3E14C8B81AFC756D0067C3AF /* VORecentsMainController.m */ = {isa = PBXFileReference; fileEncoding = 4; lastKnownFileType = sourcecode.c.objc; path = VORecentsMainController.m; sourceTree = "<group>"; };
		3E14C8BA1AFC757C0067C3AF /* VORecentsDetailController.h */ = {isa = PBXFileReference; fileEncoding = 4; lastKnownFileType = sourcecode.c.h; path = VORecentsDetailController.h; sourceTree = "<group>"; };
		3E14C8BB1AFC757C0067C3AF /* VORecentsDetailController.m */ = {isa = PBXFileReference; fileEncoding = 4; lastKnownFileType = sourcecode.c.objc; path = VORecentsDetailController.m; sourceTree = "<group>"; };
		3E14C8BD1AFC758A0067C3AF /* VOBookmarkMainController.h */ = {isa = PBXFileReference; fileEncoding = 4; lastKnownFileType = sourcecode.c.h; path = VOBookmarkMainController.h; sourceTree = "<group>"; };
		3E14C8BE1AFC758A0067C3AF /* VOBookmarkMainController.m */ = {isa = PBXFileReference; fileEncoding = 4; lastKnownFileType = sourcecode.c.objc; path = VOBookmarkMainController.m; sourceTree = "<group>"; };
		3E14C8C01AFC759B0067C3AF /* VOBookmarkDetailController.h */ = {isa = PBXFileReference; fileEncoding = 4; lastKnownFileType = sourcecode.c.h; path = VOBookmarkDetailController.h; sourceTree = "<group>"; };
		3E14C8C11AFC759B0067C3AF /* VOBookmarkDetailController.m */ = {isa = PBXFileReference; fileEncoding = 4; lastKnownFileType = sourcecode.c.objc; path = VOBookmarkDetailController.m; sourceTree = "<group>"; };
		3E14C8C31AFC75AA0067C3AF /* VOUserMainController.h */ = {isa = PBXFileReference; fileEncoding = 4; lastKnownFileType = sourcecode.c.h; path = VOUserMainController.h; sourceTree = "<group>"; };
		3E14C8C41AFC75AA0067C3AF /* VOUserMainController.m */ = {isa = PBXFileReference; fileEncoding = 4; lastKnownFileType = sourcecode.c.objc; path = VOUserMainController.m; sourceTree = "<group>"; };
		3E14C8C61AFC75B90067C3AF /* VOUserDetailController.h */ = {isa = PBXFileReference; fileEncoding = 4; lastKnownFileType = sourcecode.c.h; path = VOUserDetailController.h; sourceTree = "<group>"; };
		3E14C8C71AFC75B90067C3AF /* VOUserDetailController.m */ = {isa = PBXFileReference; fileEncoding = 4; lastKnownFileType = sourcecode.c.objc; path = VOUserDetailController.m; sourceTree = "<group>"; };
		3E22C8631B8576720081CE6E /* Second.storyboard */ = {isa = PBXFileReference; fileEncoding = 4; lastKnownFileType = file.storyboard; path = Second.storyboard; sourceTree = "<group>"; };
		3E22C8681B8576B60081CE6E /* VOXibViewController.h */ = {isa = PBXFileReference; fileEncoding = 4; lastKnownFileType = sourcecode.c.h; path = VOXibViewController.h; sourceTree = "<group>"; };
		3E22C8691B8576B60081CE6E /* VOXibViewController.m */ = {isa = PBXFileReference; fileEncoding = 4; lastKnownFileType = sourcecode.c.objc; path = VOXibViewController.m; sourceTree = "<group>"; };
		3E22C86A1B8576B60081CE6E /* VOXibViewController.xib */ = {isa = PBXFileReference; fileEncoding = 4; lastKnownFileType = file.xib; path = VOXibViewController.xib; sourceTree = "<group>"; };
		3E22C86D1B85771C0081CE6E /* VOTableViewController.h */ = {isa = PBXFileReference; fileEncoding = 4; lastKnownFileType = sourcecode.c.h; path = VOTableViewController.h; sourceTree = "<group>"; };
		3E22C86E1B85771C0081CE6E /* VOTableViewController.m */ = {isa = PBXFileReference; fileEncoding = 4; lastKnownFileType = sourcecode.c.objc; path = VOTableViewController.m; sourceTree = "<group>"; };
/* End PBXFileReference section */

/* Begin PBXFrameworksBuildPhase section */
		3E14C87B1AFBB0790067C3AF /* Frameworks */ = {
			isa = PBXFrameworksBuildPhase;
			buildActionMask = 2147483647;
			files = (
			);
			runOnlyForDeploymentPostprocessing = 0;
		};
		3E14C8941AFBB0790067C3AF /* Frameworks */ = {
			isa = PBXFrameworksBuildPhase;
			buildActionMask = 2147483647;
			files = (
			);
			runOnlyForDeploymentPostprocessing = 0;
		};
/* End PBXFrameworksBuildPhase section */

/* Begin PBXGroup section */
		3E14C8751AFBB0790067C3AF = {
			isa = PBXGroup;
			children = (
				3E14C8801AFBB0790067C3AF /* VOVCManagerDemo */,
				3E14C89A1AFBB0790067C3AF /* VOVCManagerDemoTests */,
				3E14C87F1AFBB0790067C3AF /* Products */,
			);
			sourceTree = "<group>";
		};
		3E14C87F1AFBB0790067C3AF /* Products */ = {
			isa = PBXGroup;
			children = (
				3E14C87E1AFBB0790067C3AF /* VOVCManagerDemo.app */,
				3E14C8971AFBB0790067C3AF /* VOVCManagerDemoTests.xctest */,
			);
			name = Products;
			sourceTree = "<group>";
		};
		3E14C8801AFBB0790067C3AF /* VOVCManagerDemo */ = {
			isa = PBXGroup;
			children = (
				3E14C8A71AFBB0C90067C3AF /* VOVCManager */,
				3E14C8851AFBB0790067C3AF /* AppDelegate.h */,
				3E14C8861AFBB0790067C3AF /* AppDelegate.m */,
				3E14C8B11AFC754D0067C3AF /* VOFavoriteMainController.h */,
				3E14C8B21AFC754D0067C3AF /* VOFavoriteMainController.m */,
				3E14C8B41AFC755D0067C3AF /* VOFavoriteDetailController.h */,
				3E14C8B51AFC755D0067C3AF /* VOFavoriteDetailController.m */,
				3E14C8B71AFC756D0067C3AF /* VORecentsMainController.h */,
				3E14C8B81AFC756D0067C3AF /* VORecentsMainController.m */,
				3E14C8BA1AFC757C0067C3AF /* VORecentsDetailController.h */,
				3E14C8BB1AFC757C0067C3AF /* VORecentsDetailController.m */,
				3E14C8BD1AFC758A0067C3AF /* VOBookmarkMainController.h */,
				3E14C8BE1AFC758A0067C3AF /* VOBookmarkMainController.m */,
				3E14C8C01AFC759B0067C3AF /* VOBookmarkDetailController.h */,
				3E14C8C11AFC759B0067C3AF /* VOBookmarkDetailController.m */,
				3E14C8C31AFC75AA0067C3AF /* VOUserMainController.h */,
				3E14C8C41AFC75AA0067C3AF /* VOUserMainController.m */,
				3E14C8C61AFC75B90067C3AF /* VOUserDetailController.h */,
				3E14C8C71AFC75B90067C3AF /* VOUserDetailController.m */,
				3E14C88B1AFBB0790067C3AF /* Main.storyboard */,
				3E22C8631B8576720081CE6E /* Second.storyboard */,
				3E22C86D1B85771C0081CE6E /* VOTableViewController.h */,
				3E22C86E1B85771C0081CE6E /* VOTableViewController.m */,
				3E22C8681B8576B60081CE6E /* VOXibViewController.h */,
				3E22C8691B8576B60081CE6E /* VOXibViewController.m */,
				3E22C86A1B8576B60081CE6E /* VOXibViewController.xib */,
				3E14C88E1AFBB0790067C3AF /* Images.xcassets */,
				3E14C8901AFBB0790067C3AF /* LaunchScreen.xib */,
				3E14C8811AFBB0790067C3AF /* Supporting Files */,
			);
			path = VOVCManagerDemo;
			sourceTree = "<group>";
		};
		3E14C8811AFBB0790067C3AF /* Supporting Files */ = {
			isa = PBXGroup;
			children = (
				3E14C8821AFBB0790067C3AF /* Info.plist */,
				3E14C8831AFBB0790067C3AF /* main.m */,
			);
			name = "Supporting Files";
			sourceTree = "<group>";
		};
		3E14C89A1AFBB0790067C3AF /* VOVCManagerDemoTests */ = {
			isa = PBXGroup;
			children = (
				3E14C89D1AFBB0790067C3AF /* VOVCManagerDemoTests.m */,
				3E14C89B1AFBB0790067C3AF /* Supporting Files */,
			);
			path = VOVCManagerDemoTests;
			sourceTree = "<group>";
		};
		3E14C89B1AFBB0790067C3AF /* Supporting Files */ = {
			isa = PBXGroup;
			children = (
				3E14C89C1AFBB0790067C3AF /* Info.plist */,
			);
			name = "Supporting Files";
			sourceTree = "<group>";
		};
		3E14C8A71AFBB0C90067C3AF /* VOVCManager */ = {
			isa = PBXGroup;
			children = (
				3E14C8A81AFBB0C90067C3AF /* NSObject+Runtime.h */,
				3E14C8A91AFBB0C90067C3AF /* NSObject+Runtime.m */,
				3E14C8AA1AFBB0C90067C3AF /* UIViewController+Record.h */,
				3E14C8AB1AFBB0C90067C3AF /* UIViewController+Record.m */,
				3E14C8AC1AFBB0C90067C3AF /* VOVCManager.h */,
				3E14C8AD1AFBB0C90067C3AF /* VOVCManager.m */,
			);
			path = VOVCManager;
			sourceTree = "<group>";
		};
/* End PBXGroup section */

/* Begin PBXNativeTarget section */
		3E14C87D1AFBB0790067C3AF /* VOVCManagerDemo */ = {
			isa = PBXNativeTarget;
			buildConfigurationList = 3E14C8A11AFBB0790067C3AF /* Build configuration list for PBXNativeTarget "VOVCManagerDemo" */;
			buildPhases = (
				3E14C87A1AFBB0790067C3AF /* Sources */,
				3E14C87B1AFBB0790067C3AF /* Frameworks */,
				3E14C87C1AFBB0790067C3AF /* Resources */,
			);
			buildRules = (
			);
			dependencies = (
			);
			name = VOVCManagerDemo;
			productName = VOVCManagerDemo;
			productReference = 3E14C87E1AFBB0790067C3AF /* VOVCManagerDemo.app */;
			productType = "com.apple.product-type.application";
		};
		3E14C8961AFBB0790067C3AF /* VOVCManagerDemoTests */ = {
			isa = PBXNativeTarget;
			buildConfigurationList = 3E14C8A41AFBB0790067C3AF /* Build configuration list for PBXNativeTarget "VOVCManagerDemoTests" */;
			buildPhases = (
				3E14C8931AFBB0790067C3AF /* Sources */,
				3E14C8941AFBB0790067C3AF /* Frameworks */,
				3E14C8951AFBB0790067C3AF /* Resources */,
			);
			buildRules = (
			);
			dependencies = (
				3E14C8991AFBB0790067C3AF /* PBXTargetDependency */,
			);
			name = VOVCManagerDemoTests;
			productName = VOVCManagerDemoTests;
			productReference = 3E14C8971AFBB0790067C3AF /* VOVCManagerDemoTests.xctest */;
			productType = "com.apple.product-type.bundle.unit-test";
		};
/* End PBXNativeTarget section */

/* Begin PBXProject section */
		3E14C8761AFBB0790067C3AF /* Project object */ = {
			isa = PBXProject;
			attributes = {
				LastUpgradeCheck = 0700;
				ORGANIZATIONNAME = valo;
				TargetAttributes = {
					3E14C87D1AFBB0790067C3AF = {
						CreatedOnToolsVersion = 6.3.1;
					};
					3E14C8961AFBB0790067C3AF = {
						CreatedOnToolsVersion = 6.3.1;
						TestTargetID = 3E14C87D1AFBB0790067C3AF;
					};
				};
			};
			buildConfigurationList = 3E14C8791AFBB0790067C3AF /* Build configuration list for PBXProject "VOVCManagerDemo" */;
			compatibilityVersion = "Xcode 3.2";
			developmentRegion = English;
			hasScannedForEncodings = 0;
			knownRegions = (
				en,
				Base,
			);
			mainGroup = 3E14C8751AFBB0790067C3AF;
			productRefGroup = 3E14C87F1AFBB0790067C3AF /* Products */;
			projectDirPath = "";
			projectRoot = "";
			targets = (
				3E14C87D1AFBB0790067C3AF /* VOVCManagerDemo */,
				3E14C8961AFBB0790067C3AF /* VOVCManagerDemoTests */,
			);
		};
/* End PBXProject section */

/* Begin PBXResourcesBuildPhase section */
		3E14C87C1AFBB0790067C3AF /* Resources */ = {
			isa = PBXResourcesBuildPhase;
			buildActionMask = 2147483647;
			files = (
				3E22C86C1B8576B60081CE6E /* VOXibViewController.xib in Resources */,
				3E22C8641B8576720081CE6E /* Second.storyboard in Resources */,
				3E14C88D1AFBB0790067C3AF /* Main.storyboard in Resources */,
				3E14C8921AFBB0790067C3AF /* LaunchScreen.xib in Resources */,
				3E14C88F1AFBB0790067C3AF /* Images.xcassets in Resources */,
			);
			runOnlyForDeploymentPostprocessing = 0;
		};
		3E14C8951AFBB0790067C3AF /* Resources */ = {
			isa = PBXResourcesBuildPhase;
			buildActionMask = 2147483647;
			files = (
			);
			runOnlyForDeploymentPostprocessing = 0;
		};
/* End PBXResourcesBuildPhase section */

/* Begin PBXSourcesBuildPhase section */
		3E14C87A1AFBB0790067C3AF /* Sources */ = {
			isa = PBXSourcesBuildPhase;
			buildActionMask = 2147483647;
			files = (
				3E14C8AE1AFBB0C90067C3AF /* NSObject+Runtime.m in Sources */,
				3E14C8B31AFC754D0067C3AF /* VOFavoriteMainController.m in Sources */,
				3E14C8BC1AFC757C0067C3AF /* VORecentsDetailController.m in Sources */,
				3E14C8871AFBB0790067C3AF /* AppDelegate.m in Sources */,
				3E14C8B01AFBB0C90067C3AF /* VOVCManager.m in Sources */,
				3E22C86B1B8576B60081CE6E /* VOXibViewController.m in Sources */,
				3E14C8C81AFC75B90067C3AF /* VOUserDetailController.m in Sources */,
				3E14C8BF1AFC758A0067C3AF /* VOBookmarkMainController.m in Sources */,
				3E14C8C51AFC75AA0067C3AF /* VOUserMainController.m in Sources */,
				3E22C86F1B85771C0081CE6E /* VOTableViewController.m in Sources */,
				3E14C8841AFBB0790067C3AF /* main.m in Sources */,
				3E14C8AF1AFBB0C90067C3AF /* UIViewController+Record.m in Sources */,
				3E14C8C21AFC759B0067C3AF /* VOBookmarkDetailController.m in Sources */,
				3E14C8B91AFC756D0067C3AF /* VORecentsMainController.m in Sources */,
				3E14C8B61AFC755D0067C3AF /* VOFavoriteDetailController.m in Sources */,
			);
			runOnlyForDeploymentPostprocessing = 0;
		};
		3E14C8931AFBB0790067C3AF /* Sources */ = {
			isa = PBXSourcesBuildPhase;
			buildActionMask = 2147483647;
			files = (
				3E14C89E1AFBB0790067C3AF /* VOVCManagerDemoTests.m in Sources */,
			);
			runOnlyForDeploymentPostprocessing = 0;
		};
/* End PBXSourcesBuildPhase section */

/* Begin PBXTargetDependency section */
		3E14C8991AFBB0790067C3AF /* PBXTargetDependency */ = {
			isa = PBXTargetDependency;
			target = 3E14C87D1AFBB0790067C3AF /* VOVCManagerDemo */;
			targetProxy = 3E14C8981AFBB0790067C3AF /* PBXContainerItemProxy */;
		};
/* End PBXTargetDependency section */

/* Begin PBXVariantGroup section */
		3E14C88B1AFBB0790067C3AF /* Main.storyboard */ = {
			isa = PBXVariantGroup;
			children = (
				3E14C88C1AFBB0790067C3AF /* Base */,
			);
			name = Main.storyboard;
			sourceTree = "<group>";
		};
		3E14C8901AFBB0790067C3AF /* LaunchScreen.xib */ = {
			isa = PBXVariantGroup;
			children = (
				3E14C8911AFBB0790067C3AF /* Base */,
			);
			name = LaunchScreen.xib;
			sourceTree = "<group>";
		};
/* End PBXVariantGroup section */

/* Begin XCBuildConfiguration section */
		3E14C89F1AFBB0790067C3AF /* Debug */ = {
			isa = XCBuildConfiguration;
			buildSettings = {
				ALWAYS_SEARCH_USER_PATHS = NO;
				CLANG_CXX_LANGUAGE_STANDARD = "gnu++0x";
				CLANG_CXX_LIBRARY = "libc++";
				CLANG_ENABLE_MODULES = YES;
				CLANG_ENABLE_OBJC_ARC = YES;
				CLANG_WARN_BOOL_CONVERSION = YES;
				CLANG_WARN_CONSTANT_CONVERSION = YES;
				CLANG_WARN_DIRECT_OBJC_ISA_USAGE = YES_ERROR;
				CLANG_WARN_EMPTY_BODY = YES;
				CLANG_WARN_ENUM_CONVERSION = YES;
				CLANG_WARN_INT_CONVERSION = YES;
				CLANG_WARN_OBJC_ROOT_CLASS = YES_ERROR;
				CLANG_WARN_UNREACHABLE_CODE = YES;
				CLANG_WARN__DUPLICATE_METHOD_MATCH = YES;
				"CODE_SIGN_IDENTITY[sdk=iphoneos*]" = "iPhone Developer";
				COPY_PHASE_STRIP = NO;
				DEBUG_INFORMATION_FORMAT = "dwarf-with-dsym";
				ENABLE_STRICT_OBJC_MSGSEND = YES;
				ENABLE_TESTABILITY = YES;
				GCC_C_LANGUAGE_STANDARD = gnu99;
				GCC_DYNAMIC_NO_PIC = NO;
				GCC_NO_COMMON_BLOCKS = YES;
				GCC_OPTIMIZATION_LEVEL = 0;
				GCC_PREPROCESSOR_DEFINITIONS = (
					"DEBUG=1",
					"$(inherited)",
				);
				GCC_SYMBOLS_PRIVATE_EXTERN = NO;
				GCC_WARN_64_TO_32_BIT_CONVERSION = YES;
				GCC_WARN_ABOUT_RETURN_TYPE = YES_ERROR;
				GCC_WARN_UNDECLARED_SELECTOR = YES;
				GCC_WARN_UNINITIALIZED_AUTOS = YES_AGGRESSIVE;
				GCC_WARN_UNUSED_FUNCTION = YES;
				GCC_WARN_UNUSED_VARIABLE = YES;
				IPHONEOS_DEPLOYMENT_TARGET = 7.0;
				MTL_ENABLE_DEBUG_INFO = YES;
				ONLY_ACTIVE_ARCH = YES;
				SDKROOT = iphoneos;
			};
			name = Debug;
		};
		3E14C8A01AFBB0790067C3AF /* Release */ = {
			isa = XCBuildConfiguration;
			buildSettings = {
				ALWAYS_SEARCH_USER_PATHS = NO;
				CLANG_CXX_LANGUAGE_STANDARD = "gnu++0x";
				CLANG_CXX_LIBRARY = "libc++";
				CLANG_ENABLE_MODULES = YES;
				CLANG_ENABLE_OBJC_ARC = YES;
				CLANG_WARN_BOOL_CONVERSION = YES;
				CLANG_WARN_CONSTANT_CONVERSION = YES;
				CLANG_WARN_DIRECT_OBJC_ISA_USAGE = YES_ERROR;
				CLANG_WARN_EMPTY_BODY = YES;
				CLANG_WARN_ENUM_CONVERSION = YES;
				CLANG_WARN_INT_CONVERSION = YES;
				CLANG_WARN_OBJC_ROOT_CLASS = YES_ERROR;
				CLANG_WARN_UNREACHABLE_CODE = YES;
				CLANG_WARN__DUPLICATE_METHOD_MATCH = YES;
				"CODE_SIGN_IDENTITY[sdk=iphoneos*]" = "iPhone Developer";
				COPY_PHASE_STRIP = NO;
				DEBUG_INFORMATION_FORMAT = "dwarf-with-dsym";
				ENABLE_NS_ASSERTIONS = NO;
				ENABLE_STRICT_OBJC_MSGSEND = YES;
				GCC_C_LANGUAGE_STANDARD = gnu99;
				GCC_NO_COMMON_BLOCKS = YES;
				GCC_WARN_64_TO_32_BIT_CONVERSION = YES;
				GCC_WARN_ABOUT_RETURN_TYPE = YES_ERROR;
				GCC_WARN_UNDECLARED_SELECTOR = YES;
				GCC_WARN_UNINITIALIZED_AUTOS = YES_AGGRESSIVE;
				GCC_WARN_UNUSED_FUNCTION = YES;
				GCC_WARN_UNUSED_VARIABLE = YES;
				IPHONEOS_DEPLOYMENT_TARGET = 7.0;
				MTL_ENABLE_DEBUG_INFO = NO;
				SDKROOT = iphoneos;
				VALIDATE_PRODUCT = YES;
			};
			name = Release;
		};
		3E14C8A21AFBB0790067C3AF /* Debug */ = {
			isa = XCBuildConfiguration;
			buildSettings = {
				ASSETCATALOG_COMPILER_APPICON_NAME = AppIcon;
				INFOPLIST_FILE = VOVCManagerDemo/Info.plist;
				LD_RUNPATH_SEARCH_PATHS = "$(inherited) @executable_path/Frameworks";
				PRODUCT_BUNDLE_IDENTIFIER = "com.valo.$(PRODUCT_NAME:rfc1034identifier)";
				PRODUCT_NAME = "$(TARGET_NAME)";
			};
			name = Debug;
		};
		3E14C8A31AFBB0790067C3AF /* Release */ = {
			isa = XCBuildConfiguration;
			buildSettings = {
				ASSETCATALOG_COMPILER_APPICON_NAME = AppIcon;
				INFOPLIST_FILE = VOVCManagerDemo/Info.plist;
				LD_RUNPATH_SEARCH_PATHS = "$(inherited) @executable_path/Frameworks";
				PRODUCT_BUNDLE_IDENTIFIER = "com.valo.$(PRODUCT_NAME:rfc1034identifier)";
				PRODUCT_NAME = "$(TARGET_NAME)";
			};
			name = Release;
		};
		3E14C8A51AFBB0790067C3AF /* Debug */ = {
			isa = XCBuildConfiguration;
			buildSettings = {
				BUNDLE_LOADER = "$(TEST_HOST)";
				FRAMEWORK_SEARCH_PATHS = (
					"$(SDKROOT)/Developer/Library/Frameworks",
					"$(inherited)",
				);
				GCC_PREPROCESSOR_DEFINITIONS = (
					"DEBUG=1",
					"$(inherited)",
				);
				INFOPLIST_FILE = VOVCManagerDemoTests/Info.plist;
				LD_RUNPATH_SEARCH_PATHS = "$(inherited) @executable_path/Frameworks @loader_path/Frameworks";
				PRODUCT_BUNDLE_IDENTIFIER = "com.valo.$(PRODUCT_NAME:rfc1034identifier)";
				PRODUCT_NAME = "$(TARGET_NAME)";
				TEST_HOST = "$(BUILT_PRODUCTS_DIR)/VOVCManagerDemo.app/VOVCManagerDemo";
			};
			name = Debug;
		};
		3E14C8A61AFBB0790067C3AF /* Release */ = {
			isa = XCBuildConfiguration;
			buildSettings = {
				BUNDLE_LOADER = "$(TEST_HOST)";
				FRAMEWORK_SEARCH_PATHS = (
					"$(SDKROOT)/Developer/Library/Frameworks",
					"$(inherited)",
				);
				INFOPLIST_FILE = VOVCManagerDemoTests/Info.plist;
				LD_RUNPATH_SEARCH_PATHS = "$(inherited) @executable_path/Frameworks @loader_path/Frameworks";
				PRODUCT_BUNDLE_IDENTIFIER = "com.valo.$(PRODUCT_NAME:rfc1034identifier)";
				PRODUCT_NAME = "$(TARGET_NAME)";
				TEST_HOST = "$(BUILT_PRODUCTS_DIR)/VOVCManagerDemo.app/VOVCManagerDemo";
			};
			name = Release;
		};
/* End XCBuildConfiguration section */

/* Begin XCConfigurationList section */
		3E14C8791AFBB0790067C3AF /* Build configuration list for PBXProject "VOVCManagerDemo" */ = {
			isa = XCConfigurationList;
			buildConfigurations = (
				3E14C89F1AFBB0790067C3AF /* Debug */,
				3E14C8A01AFBB0790067C3AF /* Release */,
			);
			defaultConfigurationIsVisible = 0;
			defaultConfigurationName = Release;
		};
		3E14C8A11AFBB0790067C3AF /* Build configuration list for PBXNativeTarget "VOVCManagerDemo" */ = {
			isa = XCConfigurationList;
			buildConfigurations = (
				3E14C8A21AFBB0790067C3AF /* Debug */,
				3E14C8A31AFBB0790067C3AF /* Release */,
			);
			defaultConfigurationIsVisible = 0;
			defaultConfigurationName = Release;
		};
		3E14C8A41AFBB0790067C3AF /* Build configuration list for PBXNativeTarget "VOVCManagerDemoTests" */ = {
			isa = XCConfigurationList;
			buildConfigurations = (
				3E14C8A51AFBB0790067C3AF /* Debug */,
				3E14C8A61AFBB0790067C3AF /* Release */,
			);
			defaultConfigurationIsVisible = 0;
			defaultConfigurationName = Release;
		};
/* End XCConfigurationList section */
	};
	rootObject = 3E14C8761AFBB0790067C3AF /* Project object */;
}
